// !$*UTF8*$!
{
	archiveVersion = 1;
	classes = {
	};
	objectVersion = 50;
	objects = {

/* Begin PBXBuildFile section */
		8896E4252479055E00E59D44 /* AppDelegate.swift in Sources */ = {isa = PBXBuildFile; fileRef = 8896E4242479055E00E59D44 /* AppDelegate.swift */; };
		8896E4272479055E00E59D44 /* SceneDelegate.swift in Sources */ = {isa = PBXBuildFile; fileRef = 8896E4262479055E00E59D44 /* SceneDelegate.swift */; };
		8896E4292479055E00E59D44 /* ViewController.swift in Sources */ = {isa = PBXBuildFile; fileRef = 8896E4282479055E00E59D44 /* ViewController.swift */; };
		8896E42C2479055E00E59D44 /* Main.storyboard in Resources */ = {isa = PBXBuildFile; fileRef = 8896E42A2479055E00E59D44 /* Main.storyboard */; };
		8896E42E2479056100E59D44 /* Assets.xcassets in Resources */ = {isa = PBXBuildFile; fileRef = 8896E42D2479056100E59D44 /* Assets.xcassets */; };
		8896E4312479056100E59D44 /* LaunchScreen.storyboard in Resources */ = {isa = PBXBuildFile; fileRef = 8896E42F2479056100E59D44 /* LaunchScreen.storyboard */; };
		8896E43C2479056200E59D44 /* QuizTests.swift in Sources */ = {isa = PBXBuildFile; fileRef = 8896E43B2479056200E59D44 /* QuizTests.swift */; };
		8896E4472479056200E59D44 /* QuizUITests.swift in Sources */ = {isa = PBXBuildFile; fileRef = 8896E4462479056200E59D44 /* QuizUITests.swift */; };
/* End PBXBuildFile section */

/* Begin PBXContainerItemProxy section */
		8896E4382479056200E59D44 /* PBXContainerItemProxy */ = {
			isa = PBXContainerItemProxy;
			containerPortal = 8896E4192479055E00E59D44 /* Project object */;
			proxyType = 1;
			remoteGlobalIDString = 8896E4202479055E00E59D44;
			remoteInfo = Quiz;
		};
		8896E4432479056200E59D44 /* PBXContainerItemProxy */ = {
			isa = PBXContainerItemProxy;
			containerPortal = 8896E4192479055E00E59D44 /* Project object */;
			proxyType = 1;
			remoteGlobalIDString = 8896E4202479055E00E59D44;
			remoteInfo = Quiz;
		};
/* End PBXContainerItemProxy section */

/* Begin PBXFileReference section */
		8896E4212479055E00E59D44 /* Quiz.app */ = {isa = PBXFileReference; explicitFileType = wrapper.application; includeInIndex = 0; path = Quiz.app; sourceTree = BUILT_PRODUCTS_DIR; };
		8896E4242479055E00E59D44 /* AppDelegate.swift */ = {isa = PBXFileReference; lastKnownFileType = sourcecode.swift; path = AppDelegate.swift; sourceTree = "<group>"; };
		8896E4262479055E00E59D44 /* SceneDelegate.swift */ = {isa = PBXFileReference; lastKnownFileType = sourcecode.swift; path = SceneDelegate.swift; sourceTree = "<group>"; };
		8896E4282479055E00E59D44 /* ViewController.swift */ = {isa = PBXFileReference; lastKnownFileType = sourcecode.swift; path = ViewController.swift; sourceTree = "<group>"; };
		8896E42B2479055E00E59D44 /* Base */ = {isa = PBXFileReference; lastKnownFileType = file.storyboard; name = Base; path = Base.lproj/Main.storyboard; sourceTree = "<group>"; };
		8896E42D2479056100E59D44 /* Assets.xcassets */ = {isa = PBXFileReference; lastKnownFileType = folder.assetcatalog; path = Assets.xcassets; sourceTree = "<group>"; };
		8896E4302479056100E59D44 /* Base */ = {isa = PBXFileReference; lastKnownFileType = file.storyboard; name = Base; path = Base.lproj/LaunchScreen.storyboard; sourceTree = "<group>"; };
		8896E4322479056100E59D44 /* Info.plist */ = {isa = PBXFileReference; lastKnownFileType = text.plist.xml; path = Info.plist; sourceTree = "<group>"; };
		8896E4372479056200E59D44 /* QuizTests.xctest */ = {isa = PBXFileReference; explicitFileType = wrapper.cfbundle; includeInIndex = 0; path = QuizTests.xctest; sourceTree = BUILT_PRODUCTS_DIR; };
		8896E43B2479056200E59D44 /* QuizTests.swift */ = {isa = PBXFileReference; lastKnownFileType = sourcecode.swift; path = QuizTests.swift; sourceTree = "<group>"; };
		8896E43D2479056200E59D44 /* Info.plist */ = {isa = PBXFileReference; lastKnownFileType = text.plist.xml; path = Info.plist; sourceTree = "<group>"; };
		8896E4422479056200E59D44 /* QuizUITests.xctest */ = {isa = PBXFileReference; explicitFileType = wrapper.cfbundle; includeInIndex = 0; path = QuizUITests.xctest; sourceTree = BUILT_PRODUCTS_DIR; };
		8896E4462479056200E59D44 /* QuizUITests.swift */ = {isa = PBXFileReference; lastKnownFileType = sourcecode.swift; path = QuizUITests.swift; sourceTree = "<group>"; };
		8896E4482479056200E59D44 /* Info.plist */ = {isa = PBXFileReference; lastKnownFileType = text.plist.xml; path = Info.plist; sourceTree = "<group>"; };
/* End PBXFileReference section */

/* Begin PBXFrameworksBuildPhase section */
		8896E41E2479055E00E59D44 /* Frameworks */ = {
			isa = PBXFrameworksBuildPhase;
			buildActionMask = 2147483647;
			files = (
			);
			runOnlyForDeploymentPostprocessing = 0;
		};
		8896E4342479056200E59D44 /* Frameworks */ = {
			isa = PBXFrameworksBuildPhase;
			buildActionMask = 2147483647;
			files = (
			);
			runOnlyForDeploymentPostprocessing = 0;
		};
		8896E43F2479056200E59D44 /* Frameworks */ = {
			isa = PBXFrameworksBuildPhase;
			buildActionMask = 2147483647;
			files = (
			);
			runOnlyForDeploymentPostprocessing = 0;
		};
/* End PBXFrameworksBuildPhase section */

/* Begin PBXGroup section */
		8896E4182479055E00E59D44 = {
			isa = PBXGroup;
			children = (
				8896E4232479055E00E59D44 /* Quiz */,
				8896E43A2479056200E59D44 /* QuizTests */,
				8896E4452479056200E59D44 /* QuizUITests */,
				8896E4222479055E00E59D44 /* Products */,
			);
			sourceTree = "<group>";
		};
		8896E4222479055E00E59D44 /* Products */ = {
			isa = PBXGroup;
			children = (
				8896E4212479055E00E59D44 /* Quiz.app */,
				8896E4372479056200E59D44 /* QuizTests.xctest */,
				8896E4422479056200E59D44 /* QuizUITests.xctest */,
			);
			name = Products;
			sourceTree = "<group>";
		};
		8896E4232479055E00E59D44 /* Quiz */ = {
			isa = PBXGroup;
			children = (
				8896E4242479055E00E59D44 /* AppDelegate.swift */,
				8896E4262479055E00E59D44 /* SceneDelegate.swift */,
				8896E4282479055E00E59D44 /* ViewController.swift */,
				8896E42A2479055E00E59D44 /* Main.storyboard */,
				8896E42D2479056100E59D44 /* Assets.xcassets */,
				8896E42F2479056100E59D44 /* LaunchScreen.storyboard */,
				8896E4322479056100E59D44 /* Info.plist */,
			);
			path = Quiz;
			sourceTree = "<group>";
		};
		8896E43A2479056200E59D44 /* QuizTests */ = {
			isa = PBXGroup;
			children = (
				8896E43B2479056200E59D44 /* QuizTests.swift */,
				8896E43D2479056200E59D44 /* Info.plist */,
			);
			path = QuizTests;
			sourceTree = "<group>";
		};
		8896E4452479056200E59D44 /* QuizUITests */ = {
			isa = PBXGroup;
			children = (
				8896E4462479056200E59D44 /* QuizUITests.swift */,
				8896E4482479056200E59D44 /* Info.plist */,
			);
			path = QuizUITests;
			sourceTree = "<group>";
		};
/* End PBXGroup section */

/* Begin PBXNativeTarget section */
		8896E4202479055E00E59D44 /* Quiz */ = {
			isa = PBXNativeTarget;
			buildConfigurationList = 8896E44B2479056200E59D44 /* Build configuration list for PBXNativeTarget "Quiz" */;
			buildPhases = (
				8896E41D2479055E00E59D44 /* Sources */,
				8896E41E2479055E00E59D44 /* Frameworks */,
				8896E41F2479055E00E59D44 /* Resources */,
			);
			buildRules = (
			);
			dependencies = (
			);
			name = Quiz;
			productName = Quiz;
			productReference = 8896E4212479055E00E59D44 /* Quiz.app */;
			productType = "com.apple.product-type.application";
		};
		8896E4362479056200E59D44 /* QuizTests */ = {
			isa = PBXNativeTarget;
			buildConfigurationList = 8896E44E2479056200E59D44 /* Build configuration list for PBXNativeTarget "QuizTests" */;
			buildPhases = (
				8896E4332479056200E59D44 /* Sources */,
				8896E4342479056200E59D44 /* Frameworks */,
				8896E4352479056200E59D44 /* Resources */,
			);
			buildRules = (
			);
			dependencies = (
				8896E4392479056200E59D44 /* PBXTargetDependency */,
			);
			name = QuizTests;
			productName = QuizTests;
			productReference = 8896E4372479056200E59D44 /* QuizTests.xctest */;
			productType = "com.apple.product-type.bundle.unit-test";
		};
		8896E4412479056200E59D44 /* QuizUITests */ = {
			isa = PBXNativeTarget;
			buildConfigurationList = 8896E4512479056200E59D44 /* Build configuration list for PBXNativeTarget "QuizUITests" */;
			buildPhases = (
				8896E43E2479056200E59D44 /* Sources */,
				8896E43F2479056200E59D44 /* Frameworks */,
				8896E4402479056200E59D44 /* Resources */,
			);
			buildRules = (
			);
			dependencies = (
				8896E4442479056200E59D44 /* PBXTargetDependency */,
			);
			name = QuizUITests;
			productName = QuizUITests;
			productReference = 8896E4422479056200E59D44 /* QuizUITests.xctest */;
			productType = "com.apple.product-type.bundle.ui-testing";
		};
/* End PBXNativeTarget section */

/* Begin PBXProject section */
		8896E4192479055E00E59D44 /* Project object */ = {
			isa = PBXProject;
			attributes = {
				LastSwiftUpdateCheck = 1150;
				LastUpgradeCheck = 1150;
				ORGANIZATIONNAME = com.lifeistech;
				TargetAttributes = {
					8896E4202479055E00E59D44 = {
						CreatedOnToolsVersion = 11.5;
					};
					8896E4362479056200E59D44 = {
						CreatedOnToolsVersion = 11.5;
						TestTargetID = 8896E4202479055E00E59D44;
					};
					8896E4412479056200E59D44 = {
						CreatedOnToolsVersion = 11.5;
						TestTargetID = 8896E4202479055E00E59D44;
					};
				};
			};
			buildConfigurationList = 8896E41C2479055E00E59D44 /* Build configuration list for PBXProject "Quiz" */;
			compatibilityVersion = "Xcode 9.3";
			developmentRegion = en;
			hasScannedForEncodings = 0;
			knownRegions = (
				en,
				Base,
			);
			mainGroup = 8896E4182479055E00E59D44;
			productRefGroup = 8896E4222479055E00E59D44 /* Products */;
			projectDirPath = "";
			projectRoot = "";
			targets = (
				8896E4202479055E00E59D44 /* Quiz */,
				8896E4362479056200E59D44 /* QuizTests */,
				8896E4412479056200E59D44 /* QuizUITests */,
			);
		};
/* End PBXProject section */

/* Begin PBXResourcesBuildPhase section */
		8896E41F2479055E00E59D44 /* Resources */ = {
			isa = PBXResourcesBuildPhase;
			buildActionMask = 2147483647;
			files = (
				8896E4312479056100E59D44 /* LaunchScreen.storyboard in Resources */,
				8896E42E2479056100E59D44 /* Assets.xcassets in Resources */,
				8896E42C2479055E00E59D44 /* Main.storyboard in Resources */,
			);
			runOnlyForDeploymentPostprocessing = 0;
		};
		8896E4352479056200E59D44 /* Resources */ = {
			isa = PBXResourcesBuildPhase;
			buildActionMask = 2147483647;
			files = (
			);
			runOnlyForDeploymentPostprocessing = 0;
		};
		8896E4402479056200E59D44 /* Resources */ = {
			isa = PBXResourcesBuildPhase;
			buildActionMask = 2147483647;
			files = (
			);
			runOnlyForDeploymentPostprocessing = 0;
		};
/* End PBXResourcesBuildPhase section */

/* Begin PBXSourcesBuildPhase section */
		8896E41D2479055E00E59D44 /* Sources */ = {
			isa = PBXSourcesBuildPhase;
			buildActionMask = 2147483647;
			files = (
				8896E4292479055E00E59D44 /* ViewController.swift in Sources */,
				8896E4252479055E00E59D44 /* AppDelegate.swift in Sources */,
				8896E4272479055E00E59D44 /* SceneDelegate.swift in Sources */,
			);
			runOnlyForDeploymentPostprocessing = 0;
		};
		8896E4332479056200E59D44 /* Sources */ = {
			isa = PBXSourcesBuildPhase;
			buildActionMask = 2147483647;
			files = (
				8896E43C2479056200E59D44 /* QuizTests.swift in Sources */,
			);
			runOnlyForDeploymentPostprocessing = 0;
		};
		8896E43E2479056200E59D44 /* Sources */ = {
			isa = PBXSourcesBuildPhase;
			buildActionMask = 2147483647;
			files = (
				8896E4472479056200E59D44 /* QuizUITests.swift in Sources */,
			);
			runOnlyForDeploymentPostprocessing = 0;
		};
/* End PBXSourcesBuildPhase section */

/* Begin PBXTargetDependency section */
		8896E4392479056200E59D44 /* PBXTargetDependency */ = {
			isa = PBXTargetDependency;
			target = 8896E4202479055E00E59D44 /* Quiz */;
			targetProxy = 8896E4382479056200E59D44 /* PBXContainerItemProxy */;
		};
		8896E4442479056200E59D44 /* PBXTargetDependency */ = {
			isa = PBXTargetDependency;
			target = 8896E4202479055E00E59D44 /* Quiz */;
			targetProxy = 8896E4432479056200E59D44 /* PBXContainerItemProxy */;
		};
/* End PBXTargetDependency section */

/* Begin PBXVariantGroup section */
		8896E42A2479055E00E59D44 /* Main.storyboard */ = {
			isa = PBXVariantGroup;
			children = (
				8896E42B2479055E00E59D44 /* Base */,
			);
			name = Main.storyboard;
			sourceTree = "<group>";
		};
		8896E42F2479056100E59D44 /* LaunchScreen.storyboard */ = {
			isa = PBXVariantGroup;
			children = (
				8896E4302479056100E59D44 /* Base */,
			);
			name = LaunchScreen.storyboard;
			sourceTree = "<group>";
		};
/* End PBXVariantGroup section */

/* Begin XCBuildConfiguration section */
		8896E4492479056200E59D44 /* Debug */ = {
			isa = XCBuildConfiguration;
			buildSettings = {
				ALWAYS_SEARCH_USER_PATHS = NO;
				CLANG_ANALYZER_NONNULL = YES;
				CLANG_ANALYZER_NUMBER_OBJECT_CONVERSION = YES_AGGRESSIVE;
				CLANG_CXX_LANGUAGE_STANDARD = "gnu++14";
				CLANG_CXX_LIBRARY = "libc++";
				CLANG_ENABLE_MODULES = YES;
				CLANG_ENABLE_OBJC_ARC = YES;
				CLANG_ENABLE_OBJC_WEAK = YES;
				CLANG_WARN_BLOCK_CAPTURE_AUTORELEASING = YES;
				CLANG_WARN_BOOL_CONVERSION = YES;
				CLANG_WARN_COMMA = YES;
				CLANG_WARN_CONSTANT_CONVERSION = YES;
				CLANG_WARN_DEPRECATED_OBJC_IMPLEMENTATIONS = YES;
				CLANG_WARN_DIRECT_OBJC_ISA_USAGE = YES_ERROR;
				CLANG_WARN_DOCUMENTATION_COMMENTS = YES;
				CLANG_WARN_EMPTY_BODY = YES;
				CLANG_WARN_ENUM_CONVERSION = YES;
				CLANG_WARN_INFINITE_RECURSION = YES;
				CLANG_WARN_INT_CONVERSION = YES;
				CLANG_WARN_NON_LITERAL_NULL_CONVERSION = YES;
				CLANG_WARN_OBJC_IMPLICIT_RETAIN_SELF = YES;
				CLANG_WARN_OBJC_LITERAL_CONVERSION = YES;
				CLANG_WARN_OBJC_ROOT_CLASS = YES_ERROR;
				CLANG_WARN_RANGE_LOOP_ANALYSIS = YES;
				CLANG_WARN_STRICT_PROTOTYPES = YES;
				CLANG_WARN_SUSPICIOUS_MOVE = YES;
				CLANG_WARN_UNGUARDED_AVAILABILITY = YES_AGGRESSIVE;
				CLANG_WARN_UNREACHABLE_CODE = YES;
				CLANG_WARN__DUPLICATE_METHOD_MATCH = YES;
				COPY_PHASE_STRIP = NO;
				DEBUG_INFORMATION_FORMAT = dwarf;
				ENABLE_STRICT_OBJC_MSGSEND = YES;
				ENABLE_TESTABILITY = YES;
				GCC_C_LANGUAGE_STANDARD = gnu11;
				GCC_DYNAMIC_NO_PIC = NO;
				GCC_NO_COMMON_BLOCKS = YES;
				GCC_OPTIMIZATION_LEVEL = 0;
				GCC_PREPROCESSOR_DEFINITIONS = (
					"DEBUG=1",
					"$(inherited)",
				);
				GCC_WARN_64_TO_32_BIT_CONVERSION = YES;
				GCC_WARN_ABOUT_RETURN_TYPE = YES_ERROR;
				GCC_WARN_UNDECLARED_SELECTOR = YES;
				GCC_WARN_UNINITIALIZED_AUTOS = YES_AGGRESSIVE;
				GCC_WARN_UNUSED_FUNCTION = YES;
				GCC_WARN_UNUSED_VARIABLE = YES;
				IPHONEOS_DEPLOYMENT_TARGET = 13.5;
				MTL_ENABLE_DEBUG_INFO = INCLUDE_SOURCE;
				MTL_FAST_MATH = YES;
				ONLY_ACTIVE_ARCH = YES;
				SDKROOT = iphoneos;
				SWIFT_ACTIVE_COMPILATION_CONDITIONS = DEBUG;
				SWIFT_OPTIMIZATION_LEVEL = "-Onone";
			};
			name = Debug;
		};
		8896E44A2479056200E59D44 /* Release */ = {
			isa = XCBuildConfiguration;
			buildSettings = {
				ALWAYS_SEARCH_USER_PATHS = NO;
				CLANG_ANALYZER_NONNULL = YES;
				CLANG_ANALYZER_NUMBER_OBJECT_CONVERSION = YES_AGGRESSIVE;
				CLANG_CXX_LANGUAGE_STANDARD = "gnu++14";
				CLANG_CXX_LIBRARY = "libc++";
				CLANG_ENABLE_MODULES = YES;
				CLANG_ENABLE_OBJC_ARC = YES;
				CLANG_ENABLE_OBJC_WEAK = YES;
				CLANG_WARN_BLOCK_CAPTURE_AUTORELEASING = YES;
				CLANG_WARN_BOOL_CONVERSION = YES;
				CLANG_WARN_COMMA = YES;
				CLANG_WARN_CONSTANT_CONVERSION = YES;
				CLANG_WARN_DEPRECATED_OBJC_IMPLEMENTATIONS = YES;
				CLANG_WARN_DIRECT_OBJC_ISA_USAGE = YES_ERROR;
				CLANG_WARN_DOCUMENTATION_COMMENTS = YES;
				CLANG_WARN_EMPTY_BODY = YES;
				CLANG_WARN_ENUM_CONVERSION = YES;
				CLANG_WARN_INFINITE_RECURSION = YES;
				CLANG_WARN_INT_CONVERSION = YES;
				CLANG_WARN_NON_LITERAL_NULL_CONVERSION = YES;
				CLANG_WARN_OBJC_IMPLICIT_RETAIN_SELF = YES;
				CLANG_WARN_OBJC_LITERAL_CONVERSION = YES;
				CLANG_WARN_OBJC_ROOT_CLASS = YES_ERROR;
				CLANG_WARN_RANGE_LOOP_ANALYSIS = YES;
				CLANG_WARN_STRICT_PROTOTYPES = YES;
				CLANG_WARN_SUSPICIOUS_MOVE = YES;
				CLANG_WARN_UNGUARDED_AVAILABILITY = YES_AGGRESSIVE;
				CLANG_WARN_UNREACHABLE_CODE = YES;
				CLANG_WARN__DUPLICATE_METHOD_MATCH = YES;
				COPY_PHASE_STRIP = NO;
				DEBUG_INFORMATION_FORMAT = "dwarf-with-dsym";
				ENABLE_NS_ASSERTIONS = NO;
				ENABLE_STRICT_OBJC_MSGSEND = YES;
				GCC_C_LANGUAGE_STANDARD = gnu11;
				GCC_NO_COMMON_BLOCKS = YES;
				GCC_WARN_64_TO_32_BIT_CONVERSION = YES;
				GCC_WARN_ABOUT_RETURN_TYPE = YES_ERROR;
				GCC_WARN_UNDECLARED_SELECTOR = YES;
				GCC_WARN_UNINITIALIZED_AUTOS = YES_AGGRESSIVE;
				GCC_WARN_UNUSED_FUNCTION = YES;
				GCC_WARN_UNUSED_VARIABLE = YES;
				IPHONEOS_DEPLOYMENT_TARGET = 13.5;
				MTL_ENABLE_DEBUG_INFO = NO;
				MTL_FAST_MATH = YES;
				SDKROOT = iphoneos;
				SWIFT_COMPILATION_MODE = wholemodule;
				SWIFT_OPTIMIZATION_LEVEL = "-O";
				VALIDATE_PRODUCT = YES;
			};
			name = Release;
		};
		8896E44C2479056200E59D44 /* Debug */ = {
			isa = XCBuildConfiguration;
			buildSettings = {
				ASSETCATALOG_COMPILER_APPICON_NAME = AppIcon;
				CODE_SIGN_STYLE = Automatic;
				DEVELOPMENT_TEAM = QM79RK4R8S;
				INFOPLIST_FILE = Quiz/Info.plist;
				LD_RUNPATH_SEARCH_PATHS = (
					"$(inherited)",
					"@executable_path/Frameworks",
				);
				PRODUCT_BUNDLE_IDENTIFIER = com.lifeistech.Quiz;
				PRODUCT_NAME = "$(TARGET_NAME)";
				SWIFT_VERSION = 5.0;
				TARGETED_DEVICE_FAMILY = "1,2";
			};
			name = Debug;
		};
		8896E44D2479056200E59D44 /* Release */ = {
			isa = XCBuildConfiguration;
			buildSettings = {
				ASSETCATALOG_COMPILER_APPICON_NAME = AppIcon;
				CODE_SIGN_STYLE = Automatic;
				DEVELOPMENT_TEAM = QM79RK4R8S;
				INFOPLIST_FILE = Quiz/Info.plist;
				LD_RUNPATH_SEARCH_PATHS = (
					"$(inherited)",
					"@executable_path/Frameworks",
				);
				PRODUCT_BUNDLE_IDENTIFIER = com.lifeistech.Quiz;
				PRODUCT_NAME = "$(TARGET_NAME)";
				SWIFT_VERSION = 5.0;
				TARGETED_DEVICE_FAMILY = "1,2";
			};
			name = Release;
		};
		8896E44F2479056200E59D44 /* Debug */ = {
			isa = XCBuildConfiguration;
			buildSettings = {
				ALWAYS_EMBED_SWIFT_STANDARD_LIBRARIES = YES;
				BUNDLE_LOADER = "$(TEST_HOST)";
				CODE_SIGN_STYLE = Automatic;
				DEVELOPMENT_TEAM = QM79RK4R8S;
				INFOPLIST_FILE = QuizTests/Info.plist;
				IPHONEOS_DEPLOYMENT_TARGET = 13.5;
				LD_RUNPATH_SEARCH_PATHS = (
					"$(inherited)",
					"@executable_path/Frameworks",
					"@loader_path/Frameworks",
				);
				PRODUCT_BUNDLE_IDENTIFIER = com.lifeistech.QuizTests;
				PRODUCT_NAME = "$(TARGET_NAME)";
				SWIFT_VERSION = 5.0;
				TARGETED_DEVICE_FAMILY = "1,2";
				TEST_HOST = "$(BUILT_PRODUCTS_DIR)/Quiz.app/Quiz";
			};
			name = Debug;
		};
		8896E4502479056200E59D44 /* Release */ = {
			isa = XCBuildConfiguration;
			buildSettings = {
				ALWAYS_EMBED_SWIFT_STANDARD_LIBRARIES = YES;
				BUNDLE_LOADER = "$(TEST_HOST)";
				CODE_SIGN_STYLE = Automatic;
				DEVELOPMENT_TEAM = QM79RK4R8S;
				INFOPLIST_FILE = QuizTests/Info.plist;
				IPHONEOS_DEPLOYMENT_TARGET = 13.5;
				LD_RUNPATH_SEARCH_PATHS = (
					"$(inherited)",
					"@executable_path/Frameworks",
					"@loader_path/Frameworks",
				);
				PRODUCT_BUNDLE_IDENTIFIER = com.lifeistech.QuizTests;
				PRODUCT_NAME = "$(TARGET_NAME)";
				SWIFT_VERSION = 5.0;
				TARGETED_DEVICE_FAMILY = "1,2";
				TEST_HOST = "$(BUILT_PRODUCTS_DIR)/Quiz.app/Quiz";
			};
			name = Release;
		};
		8896E4522479056200E59D44 /* Debug */ = {
			isa = XCBuildConfiguration;
			buildSettings = {
				ALWAYS_EMBED_SWIFT_STANDARD_LIBRARIES = YES;
				CODE_SIGN_STYLE = Automatic;
				DEVELOPMENT_TEAM = QM79RK4R8S;
				INFOPLIST_FILE = QuizUITests/Info.plist;
				LD_RUNPATH_SEARCH_PATHS = (
					"$(inherited)",
					"@executable_path/Frameworks",
					"@loader_path/Frameworks",
				);
				PRODUCT_BUNDLE_IDENTIFIER = com.lifeistech.QuizUITests;
				PRODUCT_NAME = "$(TARGET_NAME)";
				SWIFT_VERSION = 5.0;
				TARGETED_DEVICE_FAMILY = "1,2";
				TEST_TARGET_NAME = Quiz;
			};
			name = Debug;
		};
		8896E4532479056200E59D44 /* Release */ = {
			isa = XCBuildConfiguration;
			buildSettings = {
				ALWAYS_EMBED_SWIFT_STANDARD_LIBRARIES = YES;
				CODE_SIGN_STYLE = Automatic;
				DEVELOPMENT_TEAM = QM79RK4R8S;
				INFOPLIST_FILE = QuizUITests/Info.plist;
				LD_RUNPATH_SEARCH_PATHS = (
					"$(inherited)",
					"@executable_path/Frameworks",
					"@loader_path/Frameworks",
				);
				PRODUCT_BUNDLE_IDENTIFIER = com.lifeistech.QuizUITests;
				PRODUCT_NAME = "$(TARGET_NAME)";
				SWIFT_VERSION = 5.0;
				TARGETED_DEVICE_FAMILY = "1,2";
				TEST_TARGET_NAME = Quiz;
			};
			name = Release;
		};
/* End XCBuildConfiguration section */

/* Begin XCConfigurationList section */
		8896E41C2479055E00E59D44 /* Build configuration list for PBXProject "Quiz" */ = {
			isa = XCConfigurationList;
			buildConfigurations = (
				8896E4492479056200E59D44 /* Debug */,
				8896E44A2479056200E59D44 /* Release */,
			);
			defaultConfigurationIsVisible = 0;
			defaultConfigurationName = Release;
		};
		8896E44B2479056200E59D44 /* Build configuration list for PBXNativeTarget "Quiz" */ = {
			isa = XCConfigurationList;
			buildConfigurations = (
				8896E44C2479056200E59D44 /* Debug */,
				8896E44D2479056200E59D44 /* Release */,
			);
			defaultConfigurationIsVisible = 0;
			defaultConfigurationName = Release;
		};
		8896E44E2479056200E59D44 /* Build configuration list for PBXNativeTarget "QuizTests" */ = {
			isa = XCConfigurationList;
			buildConfigurations = (
				8896E44F2479056200E59D44 /* Debug */,
				8896E4502479056200E59D44 /* Release */,
			);
			defaultConfigurationIsVisible = 0;
			defaultConfigurationName = Release;
		};
		8896E4512479056200E59D44 /* Build configuration list for PBXNativeTarget "QuizUITests" */ = {
			isa = XCConfigurationList;
			buildConfigurations = (
				8896E4522479056200E59D44 /* Debug */,
				8896E4532479056200E59D44 /* Release */,
			);
			defaultConfigurationIsVisible = 0;
			defaultConfigurationName = Release;
		};
/* End XCConfigurationList section */
	};
	rootObject = 8896E4192479055E00E59D44 /* Project object */;
}
